PODS:
  - Charts (3.4.0):
    - Charts/Core (= 3.4.0)
  - Charts/Core (3.4.0)
  - DynamicBlurView (4.0.0)
  - PopupDialog (1.1.1):
    - DynamicBlurView (~> 4.0)
  - SwipeCellKit (2.7.1)
  - Toast-Swift (5.0.0)

DEPENDENCIES:
  - Charts (~> 3.4)
  - PopupDialog (~> 1.1)
  - SwipeCellKit (~> 2.7)
  - Toast-Swift (~> 5.0)

SPEC REPOS:
  trunk:
    - Charts
    - DynamicBlurView
    - PopupDialog
    - SwipeCellKit
    - Toast-Swift

SPEC CHECKSUMS:
  Charts: 74c9f256eaf0460c0c416522d1cf8c634ea6b286
  DynamicBlurView: ccf9acd2b20c883cc2c72e3524a04d8d3ee20533
  PopupDialog: 720c92befd8bc23c13442254945213db5612f149
  SwipeCellKit: 3972254a826da74609926daf59b08d6c72e619ea
  Toast-Swift: 36f4720243c8582c2be243a60a51e193c761f541

PODFILE CHECKSUM: f46b4c4452379b60d38db78a64822b1dfc7479c1

COCOAPODS: 1.8.3
