PODS:
  - DynamicBlurView (3.0.1)
  - PopupDialog (1.1.0):
    - DynamicBlurView (~> 3.0.1)
  - SwipeCellKit (2.6.0)

DEPENDENCIES:
  - PopupDialog (~> 1.1)
  - SwipeCellKit

SPEC REPOS:
  https://github.com/cocoapods/specs.git:
    - DynamicBlurView
    - PopupDialog
    - SwipeCellKit

SPEC CHECKSUMS:
  DynamicBlurView: b1df5415f9bd31897549e5d7077e5ec120a4d636
  PopupDialog: 42fb7a0bc4fafdf89fef8b5b2b127a6023f3e1cc
  SwipeCellKit: 935ca28c187ec6e1ffb2b578cf8ddca842bfdcbb

PODFILE CHECKSUM: c77b5bfb1b91d3100ee08b9a8e54ea9afb379b3d

COCOAPODS: 1.6.1
