// !$*UTF8*$!
{
	archiveVersion = 1;
	classes = {
	};
	objectVersion = 50;
	objects = {

/* Begin PBXBuildFile section */
		1C0315C02285010A00B1E6F4 /* LaunchScreen.storyboard in Resources */ = {isa = PBXBuildFile; fileRef = 1C0315BE2285010A00B1E6F4 /* LaunchScreen.storyboard */; };
		1C0315C12285010A00B1E6F4 /* Main.storyboard in Resources */ = {isa = PBXBuildFile; fileRef = 1C0315BF2285010A00B1E6F4 /* Main.storyboard */; };
		1C0315C42285025A00B1E6F4 /* ReminderNotificationService.swift in Sources */ = {isa = PBXBuildFile; fileRef = 1C0315C32285025A00B1E6F4 /* ReminderNotificationService.swift */; };
		1C12735222610DC80058D942 /* AppDelegate.swift in Sources */ = {isa = PBXBuildFile; fileRef = 1C12735122610DC80058D942 /* AppDelegate.swift */; };
		1C12735422610DC80058D942 /* HabitListViewController.swift in Sources */ = {isa = PBXBuildFile; fileRef = 1C12735322610DC80058D942 /* HabitListViewController.swift */; };
		1C12735922610DCA0058D942 /* Assets.xcassets in Resources */ = {isa = PBXBuildFile; fileRef = 1C12735822610DCA0058D942 /* Assets.xcassets */; };
		1C3BD564229B11B2004AAA2B /* CheckInGridCollectionViewLayout.swift in Sources */ = {isa = PBXBuildFile; fileRef = 1C3BD563229B11B2004AAA2B /* CheckInGridCollectionViewLayout.swift */; };
		1C3BD56B229B1398004AAA2B /* CheckInGridHeaderCell.swift in Sources */ = {isa = PBXBuildFile; fileRef = 1C3BD565229B1398004AAA2B /* CheckInGridHeaderCell.swift */; };
		1C3BD56C229B1398004AAA2B /* CheckInGridContentCell.xib in Resources */ = {isa = PBXBuildFile; fileRef = 1C3BD566229B1398004AAA2B /* CheckInGridContentCell.xib */; };
		1C3BD56D229B1398004AAA2B /* CheckInGridRowTitleCell.xib in Resources */ = {isa = PBXBuildFile; fileRef = 1C3BD567229B1398004AAA2B /* CheckInGridRowTitleCell.xib */; };
		1C3BD56E229B1398004AAA2B /* CheckInGridHeaderCell.xib in Resources */ = {isa = PBXBuildFile; fileRef = 1C3BD568229B1398004AAA2B /* CheckInGridHeaderCell.xib */; };
		1C3BD56F229B1398004AAA2B /* CheckInGridContentCell.swift in Sources */ = {isa = PBXBuildFile; fileRef = 1C3BD569229B1398004AAA2B /* CheckInGridContentCell.swift */; };
		1C3BD570229B1398004AAA2B /* CheckInGridRowTitleCell.swift in Sources */ = {isa = PBXBuildFile; fileRef = 1C3BD56A229B1398004AAA2B /* CheckInGridRowTitleCell.swift */; };
		1C3BD572229B22E4004AAA2B /* HabitListViewModel.swift in Sources */ = {isa = PBXBuildFile; fileRef = 1C3BD571229B22E4004AAA2B /* HabitListViewModel.swift */; };
		1C47C9F9227DEDF800985F1C /* DayOfWeek.swift in Sources */ = {isa = PBXBuildFile; fileRef = 1C47C9F8227DEDF800985F1C /* DayOfWeek.swift */; };
		1C47C9FB227E4B8E00985F1C /* ReminderAddEditViewController.swift in Sources */ = {isa = PBXBuildFile; fileRef = 1C47C9FA227E4B8E00985F1C /* ReminderAddEditViewController.swift */; };
		1C47C9FD227F211700985F1C /* ReminderDetailsViewModel.swift in Sources */ = {isa = PBXBuildFile; fileRef = 1C47C9FC227F211700985F1C /* ReminderDetailsViewModel.swift */; };
		1C90EB90226A8CDF007065D1 /* EditableTimeCell.swift in Sources */ = {isa = PBXBuildFile; fileRef = 1C90EB8F226A8CDF007065D1 /* EditableTimeCell.swift */; };
		1C90EB92226A8E6A007065D1 /* EditableTimeCell.xib in Resources */ = {isa = PBXBuildFile; fileRef = 1C90EB91226A8E6A007065D1 /* EditableTimeCell.xib */; };
		1C90EB94226A92A7007065D1 /* Reminder.swift in Sources */ = {isa = PBXBuildFile; fileRef = 1C90EB93226A92A7007065D1 /* Reminder.swift */; };
		1C90EB9A226B87D8007065D1 /* UITextField+MaxLength.swift in Sources */ = {isa = PBXBuildFile; fileRef = 1C90EB99226B87D8007065D1 /* UITextField+MaxLength.swift */; };
		1C93DEB0228A14C500C65BEB /* CheckIn.swift in Sources */ = {isa = PBXBuildFile; fileRef = 1C93DEAF228A14C500C65BEB /* CheckIn.swift */; };
		1C977B4E2295DECA006F3E6C /* RoutingService.swift in Sources */ = {isa = PBXBuildFile; fileRef = 1C977B4D2295DECA006F3E6C /* RoutingService.swift */; };
		1C9FE64B2267C47F00354933 /* OptionSelectButton.swift in Sources */ = {isa = PBXBuildFile; fileRef = 1C9FE64A2267C47E00354933 /* OptionSelectButton.swift */; };
		1CA300A8228F500A00F5D08C /* HabitCheckInsViewController.swift in Sources */ = {isa = PBXBuildFile; fileRef = 1CA300A7228F500A00F5D08C /* HabitCheckInsViewController.swift */; };
		1CAC6791226FD51400B41338 /* HabitDetailsViewModel.swift in Sources */ = {isa = PBXBuildFile; fileRef = 1CAC6790226FD51400B41338 /* HabitDetailsViewModel.swift */; };
		1CAC6793226FDC7900B41338 /* Date+Rounding.swift in Sources */ = {isa = PBXBuildFile; fileRef = 1CAC6792226FDC7900B41338 /* Date+Rounding.swift */; };
		1CAC6795226FDEE500B41338 /* Box.swift in Sources */ = {isa = PBXBuildFile; fileRef = 1CAC6794226FDEE500B41338 /* Box.swift */; };
		1CAC679D22725D3600B41338 /* HabitDetailsViewController.swift in Sources */ = {isa = PBXBuildFile; fileRef = 1CAC679C22725D3600B41338 /* HabitDetailsViewController.swift */; };
		1CAC67A02272694800B41338 /* TimeOfDay.swift in Sources */ = {isa = PBXBuildFile; fileRef = 1CAC679F2272694700B41338 /* TimeOfDay.swift */; };
		1CAC67A42273869900B41338 /* UIView+Border.swift in Sources */ = {isa = PBXBuildFile; fileRef = 1CAC67A32273869900B41338 /* UIView+Border.swift */; };
		1CB9F7A1226244C4005D1FFC /* DataModel.xcdatamodeld in Sources */ = {isa = PBXBuildFile; fileRef = 1CB9F79F226244C4005D1FFC /* DataModel.xcdatamodeld */; };
		1CBBABCB2279195D00DB8F8E /* HabitSummaryViewController.swift in Sources */ = {isa = PBXBuildFile; fileRef = 1CBBABCA2279195D00DB8F8E /* HabitSummaryViewController.swift */; };
		1CBBABCD227919C700DB8F8E /* HabitRemindersViewController.swift in Sources */ = {isa = PBXBuildFile; fileRef = 1CBBABCC227919C700DB8F8E /* HabitRemindersViewController.swift */; };
		1CBBABD1227921C400DB8F8E /* UISegmentedControl+Border.swift in Sources */ = {isa = PBXBuildFile; fileRef = 1CBBABD0227921C400DB8F8E /* UISegmentedControl+Border.swift */; };
		1CBBABD32279297500DB8F8E /* Constants.swift in Sources */ = {isa = PBXBuildFile; fileRef = 1CBBABD22279297500DB8F8E /* Constants.swift */; };
		1CBBABD6227A4F4400DB8F8E /* HabitAddEditViewController.swift in Sources */ = {isa = PBXBuildFile; fileRef = 1CBBABD5227A4F4300DB8F8E /* HabitAddEditViewController.swift */; };
		1CBBABDA227A555300DB8F8E /* ReminderListViewModel.swift in Sources */ = {isa = PBXBuildFile; fileRef = 1CBBABD9227A555300DB8F8E /* ReminderListViewModel.swift */; };
		1CBBABDC227CAD0B00DB8F8E /* NotificationHelper.swift in Sources */ = {isa = PBXBuildFile; fileRef = 1CBBABDB227CAD0B00DB8F8E /* NotificationHelper.swift */; };
		1CBBABDE227CC7D200DB8F8E /* AdminViewController.swift in Sources */ = {isa = PBXBuildFile; fileRef = 1CBBABDD227CC7D200DB8F8E /* AdminViewController.swift */; };
		1CBBEA08228F5F9E0053F534 /* CheckInListViewModel.swift in Sources */ = {isa = PBXBuildFile; fileRef = 1CBBEA07228F5F9E0053F534 /* CheckInListViewModel.swift */; };
		1CC5A3B2228B36D400E5F6D8 /* HabitAddCheckInViewController.swift in Sources */ = {isa = PBXBuildFile; fileRef = 1CC5A3B1228B36D400E5F6D8 /* HabitAddCheckInViewController.swift */; };
		1CC5A3B4228B4CD400E5F6D8 /* DateDayPicker.swift in Sources */ = {isa = PBXBuildFile; fileRef = 1CC5A3B3228B4CD400E5F6D8 /* DateDayPicker.swift */; };
		1CDB388F22624BBE00C86277 /* Habit.swift in Sources */ = {isa = PBXBuildFile; fileRef = 1CDB388E22624BBE00C86277 /* Habit.swift */; };
		1CF697BD229C784200766011 /* ToastHelper.swift in Sources */ = {isa = PBXBuildFile; fileRef = 1CF697BC229C784200766011 /* ToastHelper.swift */; };
		1CF697BF229DC30800766011 /* DateHelper.swift in Sources */ = {isa = PBXBuildFile; fileRef = 1CF697BE229DC30800766011 /* DateHelper.swift */; };
		4E62082982CE4D84B0901FBE /* Pods_HabitPanda.framework in Frameworks */ = {isa = PBXBuildFile; fileRef = 04892BB89431780B7C3882AE /* Pods_HabitPanda.framework */; };
/* End PBXBuildFile section */

/* Begin PBXFileReference section */
		04892BB89431780B7C3882AE /* Pods_HabitPanda.framework */ = {isa = PBXFileReference; explicitFileType = wrapper.framework; includeInIndex = 0; path = Pods_HabitPanda.framework; sourceTree = BUILT_PRODUCTS_DIR; };
		1C0315BE2285010A00B1E6F4 /* LaunchScreen.storyboard */ = {isa = PBXFileReference; fileEncoding = 4; lastKnownFileType = file.storyboard; path = LaunchScreen.storyboard; sourceTree = "<group>"; };
		1C0315BF2285010A00B1E6F4 /* Main.storyboard */ = {isa = PBXFileReference; fileEncoding = 4; lastKnownFileType = file.storyboard; path = Main.storyboard; sourceTree = "<group>"; };
		1C0315C32285025A00B1E6F4 /* ReminderNotificationService.swift */ = {isa = PBXFileReference; lastKnownFileType = sourcecode.swift; path = ReminderNotificationService.swift; sourceTree = "<group>"; };
		1C12734E22610DC80058D942 /* HabitPanda.app */ = {isa = PBXFileReference; explicitFileType = wrapper.application; includeInIndex = 0; path = HabitPanda.app; sourceTree = BUILT_PRODUCTS_DIR; };
		1C12735122610DC80058D942 /* AppDelegate.swift */ = {isa = PBXFileReference; lastKnownFileType = sourcecode.swift; path = AppDelegate.swift; sourceTree = "<group>"; };
		1C12735322610DC80058D942 /* HabitListViewController.swift */ = {isa = PBXFileReference; lastKnownFileType = sourcecode.swift; path = HabitListViewController.swift; sourceTree = "<group>"; };
		1C12735822610DCA0058D942 /* Assets.xcassets */ = {isa = PBXFileReference; lastKnownFileType = folder.assetcatalog; path = Assets.xcassets; sourceTree = "<group>"; };
		1C12735D22610DCA0058D942 /* Info.plist */ = {isa = PBXFileReference; lastKnownFileType = text.plist.xml; name = Info.plist; path = ../Info.plist; sourceTree = "<group>"; };
		1C3BD563229B11B2004AAA2B /* CheckInGridCollectionViewLayout.swift */ = {isa = PBXFileReference; lastKnownFileType = sourcecode.swift; path = CheckInGridCollectionViewLayout.swift; sourceTree = "<group>"; };
		1C3BD565229B1398004AAA2B /* CheckInGridHeaderCell.swift */ = {isa = PBXFileReference; fileEncoding = 4; lastKnownFileType = sourcecode.swift; path = CheckInGridHeaderCell.swift; sourceTree = "<group>"; };
		1C3BD566229B1398004AAA2B /* CheckInGridContentCell.xib */ = {isa = PBXFileReference; fileEncoding = 4; lastKnownFileType = file.xib; path = CheckInGridContentCell.xib; sourceTree = "<group>"; };
		1C3BD567229B1398004AAA2B /* CheckInGridRowTitleCell.xib */ = {isa = PBXFileReference; fileEncoding = 4; lastKnownFileType = file.xib; path = CheckInGridRowTitleCell.xib; sourceTree = "<group>"; };
		1C3BD568229B1398004AAA2B /* CheckInGridHeaderCell.xib */ = {isa = PBXFileReference; fileEncoding = 4; lastKnownFileType = file.xib; path = CheckInGridHeaderCell.xib; sourceTree = "<group>"; };
		1C3BD569229B1398004AAA2B /* CheckInGridContentCell.swift */ = {isa = PBXFileReference; fileEncoding = 4; lastKnownFileType = sourcecode.swift; path = CheckInGridContentCell.swift; sourceTree = "<group>"; };
		1C3BD56A229B1398004AAA2B /* CheckInGridRowTitleCell.swift */ = {isa = PBXFileReference; fileEncoding = 4; lastKnownFileType = sourcecode.swift; path = CheckInGridRowTitleCell.swift; sourceTree = "<group>"; };
		1C3BD571229B22E4004AAA2B /* HabitListViewModel.swift */ = {isa = PBXFileReference; fileEncoding = 4; lastKnownFileType = sourcecode.swift; path = HabitListViewModel.swift; sourceTree = "<group>"; };
		1C47C9F8227DEDF800985F1C /* DayOfWeek.swift */ = {isa = PBXFileReference; fileEncoding = 4; lastKnownFileType = sourcecode.swift; path = DayOfWeek.swift; sourceTree = "<group>"; };
		1C47C9FA227E4B8E00985F1C /* ReminderAddEditViewController.swift */ = {isa = PBXFileReference; fileEncoding = 4; lastKnownFileType = sourcecode.swift; path = ReminderAddEditViewController.swift; sourceTree = "<group>"; };
		1C47C9FC227F211700985F1C /* ReminderDetailsViewModel.swift */ = {isa = PBXFileReference; fileEncoding = 4; lastKnownFileType = sourcecode.swift; path = ReminderDetailsViewModel.swift; sourceTree = "<group>"; };
		1C90EB8F226A8CDF007065D1 /* EditableTimeCell.swift */ = {isa = PBXFileReference; lastKnownFileType = sourcecode.swift; path = EditableTimeCell.swift; sourceTree = "<group>"; };
		1C90EB91226A8E6A007065D1 /* EditableTimeCell.xib */ = {isa = PBXFileReference; lastKnownFileType = file.xib; path = EditableTimeCell.xib; sourceTree = "<group>"; };
		1C90EB93226A92A7007065D1 /* Reminder.swift */ = {isa = PBXFileReference; lastKnownFileType = sourcecode.swift; path = Reminder.swift; sourceTree = "<group>"; };
		1C90EB99226B87D8007065D1 /* UITextField+MaxLength.swift */ = {isa = PBXFileReference; lastKnownFileType = sourcecode.swift; path = "UITextField+MaxLength.swift"; sourceTree = "<group>"; };
		1C93DEAF228A14C500C65BEB /* CheckIn.swift */ = {isa = PBXFileReference; fileEncoding = 4; lastKnownFileType = sourcecode.swift; path = CheckIn.swift; sourceTree = "<group>"; };
		1C977B4D2295DECA006F3E6C /* RoutingService.swift */ = {isa = PBXFileReference; lastKnownFileType = sourcecode.swift; path = RoutingService.swift; sourceTree = "<group>"; };
		1C9FE64A2267C47E00354933 /* OptionSelectButton.swift */ = {isa = PBXFileReference; fileEncoding = 4; lastKnownFileType = sourcecode.swift; path = OptionSelectButton.swift; sourceTree = "<group>"; };
		1CA300A7228F500A00F5D08C /* HabitCheckInsViewController.swift */ = {isa = PBXFileReference; fileEncoding = 4; lastKnownFileType = sourcecode.swift; path = HabitCheckInsViewController.swift; sourceTree = "<group>"; };
		1CAC6790226FD51400B41338 /* HabitDetailsViewModel.swift */ = {isa = PBXFileReference; lastKnownFileType = sourcecode.swift; path = HabitDetailsViewModel.swift; sourceTree = "<group>"; };
		1CAC6792226FDC7900B41338 /* Date+Rounding.swift */ = {isa = PBXFileReference; lastKnownFileType = sourcecode.swift; path = "Date+Rounding.swift"; sourceTree = "<group>"; };
		1CAC6794226FDEE500B41338 /* Box.swift */ = {isa = PBXFileReference; lastKnownFileType = sourcecode.swift; path = Box.swift; sourceTree = "<group>"; };
		1CAC679C22725D3600B41338 /* HabitDetailsViewController.swift */ = {isa = PBXFileReference; lastKnownFileType = sourcecode.swift; path = HabitDetailsViewController.swift; sourceTree = "<group>"; };
		1CAC679F2272694700B41338 /* TimeOfDay.swift */ = {isa = PBXFileReference; lastKnownFileType = sourcecode.swift; path = TimeOfDay.swift; sourceTree = "<group>"; };
		1CAC67A32273869900B41338 /* UIView+Border.swift */ = {isa = PBXFileReference; lastKnownFileType = sourcecode.swift; path = "UIView+Border.swift"; sourceTree = "<group>"; };
		1CB9F7A0226244C4005D1FFC /* DataModel.xcdatamodel */ = {isa = PBXFileReference; lastKnownFileType = wrapper.xcdatamodel; path = DataModel.xcdatamodel; sourceTree = "<group>"; };
		1CBBABCA2279195D00DB8F8E /* HabitSummaryViewController.swift */ = {isa = PBXFileReference; lastKnownFileType = sourcecode.swift; path = HabitSummaryViewController.swift; sourceTree = "<group>"; };
		1CBBABCC227919C700DB8F8E /* HabitRemindersViewController.swift */ = {isa = PBXFileReference; lastKnownFileType = sourcecode.swift; path = HabitRemindersViewController.swift; sourceTree = "<group>"; };
		1CBBABD0227921C400DB8F8E /* UISegmentedControl+Border.swift */ = {isa = PBXFileReference; lastKnownFileType = sourcecode.swift; path = "UISegmentedControl+Border.swift"; sourceTree = "<group>"; };
		1CBBABD22279297500DB8F8E /* Constants.swift */ = {isa = PBXFileReference; lastKnownFileType = sourcecode.swift; path = Constants.swift; sourceTree = "<group>"; };
		1CBBABD5227A4F4300DB8F8E /* HabitAddEditViewController.swift */ = {isa = PBXFileReference; fileEncoding = 4; lastKnownFileType = sourcecode.swift; path = HabitAddEditViewController.swift; sourceTree = "<group>"; };
		1CBBABD9227A555300DB8F8E /* ReminderListViewModel.swift */ = {isa = PBXFileReference; fileEncoding = 4; lastKnownFileType = sourcecode.swift; path = ReminderListViewModel.swift; sourceTree = "<group>"; };
		1CBBABDB227CAD0B00DB8F8E /* NotificationHelper.swift */ = {isa = PBXFileReference; lastKnownFileType = sourcecode.swift; path = NotificationHelper.swift; sourceTree = "<group>"; };
		1CBBABDD227CC7D200DB8F8E /* AdminViewController.swift */ = {isa = PBXFileReference; fileEncoding = 4; lastKnownFileType = sourcecode.swift; path = AdminViewController.swift; sourceTree = "<group>"; };
		1CBBEA07228F5F9E0053F534 /* CheckInListViewModel.swift */ = {isa = PBXFileReference; fileEncoding = 4; lastKnownFileType = sourcecode.swift; path = CheckInListViewModel.swift; sourceTree = "<group>"; };
		1CC5A3B1228B36D400E5F6D8 /* HabitAddCheckInViewController.swift */ = {isa = PBXFileReference; fileEncoding = 4; lastKnownFileType = sourcecode.swift; path = HabitAddCheckInViewController.swift; sourceTree = "<group>"; };
		1CC5A3B3228B4CD400E5F6D8 /* DateDayPicker.swift */ = {isa = PBXFileReference; lastKnownFileType = sourcecode.swift; path = DateDayPicker.swift; sourceTree = "<group>"; };
		1CDB388E22624BBE00C86277 /* Habit.swift */ = {isa = PBXFileReference; lastKnownFileType = sourcecode.swift; path = Habit.swift; sourceTree = "<group>"; };
		1CF697BC229C784200766011 /* ToastHelper.swift */ = {isa = PBXFileReference; lastKnownFileType = sourcecode.swift; path = ToastHelper.swift; sourceTree = "<group>"; };
		1CF697BE229DC30800766011 /* DateHelper.swift */ = {isa = PBXFileReference; lastKnownFileType = sourcecode.swift; path = DateHelper.swift; sourceTree = "<group>"; };
		3CCD34975B17DB9A0E5FD317 /* Pods-HabitPanda.debug.xcconfig */ = {isa = PBXFileReference; includeInIndex = 1; lastKnownFileType = text.xcconfig; name = "Pods-HabitPanda.debug.xcconfig"; path = "Target Support Files/Pods-HabitPanda/Pods-HabitPanda.debug.xcconfig"; sourceTree = "<group>"; };
		C24FC85B23A11D916B95A4B6 /* Pods-HabitPanda.release.xcconfig */ = {isa = PBXFileReference; includeInIndex = 1; lastKnownFileType = text.xcconfig; name = "Pods-HabitPanda.release.xcconfig"; path = "Target Support Files/Pods-HabitPanda/Pods-HabitPanda.release.xcconfig"; sourceTree = "<group>"; };
/* End PBXFileReference section */

/* Begin PBXFrameworksBuildPhase section */
		1C12734B22610DC80058D942 /* Frameworks */ = {
			isa = PBXFrameworksBuildPhase;
			buildActionMask = 2147483647;
			files = (
				4E62082982CE4D84B0901FBE /* Pods_HabitPanda.framework in Frameworks */,
			);
			runOnlyForDeploymentPostprocessing = 0;
		};
/* End PBXFrameworksBuildPhase section */

/* Begin PBXGroup section */
		1C0315B9228500D300B1E6F4 /* Storyboards */ = {
			isa = PBXGroup;
			children = (
				1C0315BE2285010A00B1E6F4 /* LaunchScreen.storyboard */,
				1C0315BF2285010A00B1E6F4 /* Main.storyboard */,
			);
			path = Storyboards;
			sourceTree = "<group>";
		};
		1C0315C22285022F00B1E6F4 /* Services */ = {
			isa = PBXGroup;
			children = (
				1C0315C32285025A00B1E6F4 /* ReminderNotificationService.swift */,
				1C977B4D2295DECA006F3E6C /* RoutingService.swift */,
			);
			path = Services;
			sourceTree = "<group>";
		};
		1C12734522610DC80058D942 = {
			isa = PBXGroup;
			children = (
				1C12735022610DC80058D942 /* HabitPanda */,
				1C12734F22610DC80058D942 /* Products */,
				EE42AF9E19124127BB090C35 /* Pods */,
				A5BEBC754349D0D3246BBB30 /* Frameworks */,
			);
			sourceTree = "<group>";
		};
		1C12734F22610DC80058D942 /* Products */ = {
			isa = PBXGroup;
			children = (
				1C12734E22610DC80058D942 /* HabitPanda.app */,
			);
			name = Products;
			sourceTree = "<group>";
		};
		1C12735022610DC80058D942 /* HabitPanda */ = {
			isa = PBXGroup;
			children = (
				1C8B27E722621C55005DDE03 /* Controllers */,
				1C8B27E822621C5F005DDE03 /* Views */,
				1C8B27E922621C69005DDE03 /* Models */,
				1CAC678F226FD4CC00B41338 /* ViewModels */,
				1C0315C22285022F00B1E6F4 /* Services */,
				1C0315B9228500D300B1E6F4 /* Storyboards */,
				1C8B27EA22621C77005DDE03 /* SupportFiles */,
			);
			path = HabitPanda;
			sourceTree = "<group>";
		};
		1C3BD562229B117C004AAA2B /* CollectionViewLayouts */ = {
			isa = PBXGroup;
			children = (
				1C3BD563229B11B2004AAA2B /* CheckInGridCollectionViewLayout.swift */,
			);
			path = CollectionViewLayouts;
			sourceTree = "<group>";
		};
		1C8B27E722621C55005DDE03 /* Controllers */ = {
			isa = PBXGroup;
			children = (
				1CBBABDD227CC7D200DB8F8E /* AdminViewController.swift */,
				1CC5A3B1228B36D400E5F6D8 /* HabitAddCheckInViewController.swift */,
				1CBBABD5227A4F4300DB8F8E /* HabitAddEditViewController.swift */,
				1CA300A7228F500A00F5D08C /* HabitCheckInsViewController.swift */,
				1CAC679C22725D3600B41338 /* HabitDetailsViewController.swift */,
				1C12735322610DC80058D942 /* HabitListViewController.swift */,
				1CBBABCC227919C700DB8F8E /* HabitRemindersViewController.swift */,
				1CBBABCA2279195D00DB8F8E /* HabitSummaryViewController.swift */,
				1C47C9FA227E4B8E00985F1C /* ReminderAddEditViewController.swift */,
			);
			path = Controllers;
			sourceTree = "<group>";
		};
		1C8B27E822621C5F005DDE03 /* Views */ = {
			isa = PBXGroup;
			children = (
				1C90EB89226A899E007065D1 /* Buttons */,
				1C90EB8C226A8B7D007065D1 /* Cells */,
				1C3BD562229B117C004AAA2B /* CollectionViewLayouts */,
				1CC5A3B3228B4CD400E5F6D8 /* DateDayPicker.swift */,
			);
			path = Views;
			sourceTree = "<group>";
		};
		1C8B27E922621C69005DDE03 /* Models */ = {
			isa = PBXGroup;
			children = (
				1CB9F79F226244C4005D1FFC /* DataModel.xcdatamodeld */,
				1C93DEAF228A14C500C65BEB /* CheckIn.swift */,
				1CDB388E22624BBE00C86277 /* Habit.swift */,
				1C90EB93226A92A7007065D1 /* Reminder.swift */,
			);
			path = Models;
			sourceTree = "<group>";
		};
		1C8B27EA22621C77005DDE03 /* SupportFiles */ = {
			isa = PBXGroup;
			children = (
				1C90EB98226B87AE007065D1 /* Extensions */,
				1CAC679E227268A600B41338 /* Helpers */,
				1C12735D22610DCA0058D942 /* Info.plist */,
				1C12735122610DC80058D942 /* AppDelegate.swift */,
				1CAC6794226FDEE500B41338 /* Box.swift */,
				1CBBABD22279297500DB8F8E /* Constants.swift */,
				1C12735822610DCA0058D942 /* Assets.xcassets */,
			);
			path = SupportFiles;
			sourceTree = "<group>";
		};
		1C90EB89226A899E007065D1 /* Buttons */ = {
			isa = PBXGroup;
			children = (
				1C9FE64A2267C47E00354933 /* OptionSelectButton.swift */,
			);
			path = Buttons;
			sourceTree = "<group>";
		};
		1C90EB8C226A8B7D007065D1 /* Cells */ = {
			isa = PBXGroup;
			children = (
				1C3BD569229B1398004AAA2B /* CheckInGridContentCell.swift */,
				1C3BD566229B1398004AAA2B /* CheckInGridContentCell.xib */,
				1C3BD565229B1398004AAA2B /* CheckInGridHeaderCell.swift */,
				1C3BD568229B1398004AAA2B /* CheckInGridHeaderCell.xib */,
				1C3BD56A229B1398004AAA2B /* CheckInGridRowTitleCell.swift */,
				1C3BD567229B1398004AAA2B /* CheckInGridRowTitleCell.xib */,
				1C90EB8F226A8CDF007065D1 /* EditableTimeCell.swift */,
				1C90EB91226A8E6A007065D1 /* EditableTimeCell.xib */,
			);
			path = Cells;
			sourceTree = "<group>";
		};
		1C90EB98226B87AE007065D1 /* Extensions */ = {
			isa = PBXGroup;
			children = (
				1C90EB99226B87D8007065D1 /* UITextField+MaxLength.swift */,
				1CAC6792226FDC7900B41338 /* Date+Rounding.swift */,
				1CAC67A32273869900B41338 /* UIView+Border.swift */,
				1CBBABD0227921C400DB8F8E /* UISegmentedControl+Border.swift */,
			);
			path = Extensions;
			sourceTree = "<group>";
		};
		1CAC678F226FD4CC00B41338 /* ViewModels */ = {
			isa = PBXGroup;
			children = (
				1CBBEA07228F5F9E0053F534 /* CheckInListViewModel.swift */,
				1CAC6790226FD51400B41338 /* HabitDetailsViewModel.swift */,
				1C3BD571229B22E4004AAA2B /* HabitListViewModel.swift */,
				1C47C9FC227F211700985F1C /* ReminderDetailsViewModel.swift */,
				1CBBABD9227A555300DB8F8E /* ReminderListViewModel.swift */,
			);
			path = ViewModels;
			sourceTree = "<group>";
		};
		1CAC679E227268A600B41338 /* Helpers */ = {
			isa = PBXGroup;
			children = (
				1CF697BE229DC30800766011 /* DateHelper.swift */,
				1C47C9F8227DEDF800985F1C /* DayOfWeek.swift */,
				1CBBABDB227CAD0B00DB8F8E /* NotificationHelper.swift */,
				1CAC679F2272694700B41338 /* TimeOfDay.swift */,
				1CF697BC229C784200766011 /* ToastHelper.swift */,
			);
			path = Helpers;
			sourceTree = "<group>";
		};
		A5BEBC754349D0D3246BBB30 /* Frameworks */ = {
			isa = PBXGroup;
			children = (
				04892BB89431780B7C3882AE /* Pods_HabitPanda.framework */,
			);
			name = Frameworks;
			sourceTree = "<group>";
		};
		EE42AF9E19124127BB090C35 /* Pods */ = {
			isa = PBXGroup;
			children = (
				3CCD34975B17DB9A0E5FD317 /* Pods-HabitPanda.debug.xcconfig */,
				C24FC85B23A11D916B95A4B6 /* Pods-HabitPanda.release.xcconfig */,
			);
			path = Pods;
			sourceTree = "<group>";
		};
/* End PBXGroup section */

/* Begin PBXNativeTarget section */
		1C12734D22610DC80058D942 /* HabitPanda */ = {
			isa = PBXNativeTarget;
			buildConfigurationList = 1C12736022610DCA0058D942 /* Build configuration list for PBXNativeTarget "HabitPanda" */;
			buildPhases = (
				142C575B387265E40AF198F6 /* [CP] Check Pods Manifest.lock */,
				1C12734A22610DC80058D942 /* Sources */,
				1C12734B22610DC80058D942 /* Frameworks */,
				1C12734C22610DC80058D942 /* Resources */,
				F79010CCBB9940DE091EF4EF /* [CP] Embed Pods Frameworks */,
			);
			buildRules = (
			);
			dependencies = (
			);
			name = HabitPanda;
			productName = "Habit Panda";
			productReference = 1C12734E22610DC80058D942 /* HabitPanda.app */;
			productType = "com.apple.product-type.application";
		};
/* End PBXNativeTarget section */

/* Begin PBXProject section */
		1C12734622610DC80058D942 /* Project object */ = {
			isa = PBXProject;
			attributes = {
				LastSwiftUpdateCheck = 1020;
				LastUpgradeCheck = 1020;
				ORGANIZATIONNAME = "Tim Nance";
				TargetAttributes = {
					1C12734D22610DC80058D942 = {
						CreatedOnToolsVersion = 10.2;
					};
				};
			};
			buildConfigurationList = 1C12734922610DC80058D942 /* Build configuration list for PBXProject "HabitPanda" */;
			compatibilityVersion = "Xcode 9.3";
			developmentRegion = en;
			hasScannedForEncodings = 0;
			knownRegions = (
				en,
				Base,
			);
			mainGroup = 1C12734522610DC80058D942;
			productRefGroup = 1C12734F22610DC80058D942 /* Products */;
			projectDirPath = "";
			projectRoot = "";
			targets = (
				1C12734D22610DC80058D942 /* HabitPanda */,
			);
		};
/* End PBXProject section */

/* Begin PBXResourcesBuildPhase section */
		1C12734C22610DC80058D942 /* Resources */ = {
			isa = PBXResourcesBuildPhase;
			buildActionMask = 2147483647;
			files = (
				1C0315C02285010A00B1E6F4 /* LaunchScreen.storyboard in Resources */,
				1C3BD56C229B1398004AAA2B /* CheckInGridContentCell.xib in Resources */,
				1C12735922610DCA0058D942 /* Assets.xcassets in Resources */,
				1C3BD56E229B1398004AAA2B /* CheckInGridHeaderCell.xib in Resources */,
				1C90EB92226A8E6A007065D1 /* EditableTimeCell.xib in Resources */,
				1C3BD56D229B1398004AAA2B /* CheckInGridRowTitleCell.xib in Resources */,
				1C0315C12285010A00B1E6F4 /* Main.storyboard in Resources */,
			);
			runOnlyForDeploymentPostprocessing = 0;
		};
/* End PBXResourcesBuildPhase section */

/* Begin PBXShellScriptBuildPhase section */
		142C575B387265E40AF198F6 /* [CP] Check Pods Manifest.lock */ = {
			isa = PBXShellScriptBuildPhase;
			buildActionMask = 2147483647;
			files = (
			);
			inputFileListPaths = (
			);
			inputPaths = (
				"${PODS_PODFILE_DIR_PATH}/Podfile.lock",
				"${PODS_ROOT}/Manifest.lock",
			);
			name = "[CP] Check Pods Manifest.lock";
			outputFileListPaths = (
			);
			outputPaths = (
				"$(DERIVED_FILE_DIR)/Pods-HabitPanda-checkManifestLockResult.txt",
			);
			runOnlyForDeploymentPostprocessing = 0;
			shellPath = /bin/sh;
			shellScript = "diff \"${PODS_PODFILE_DIR_PATH}/Podfile.lock\" \"${PODS_ROOT}/Manifest.lock\" > /dev/null\nif [ $? != 0 ] ; then\n    # print error to STDERR\n    echo \"error: The sandbox is not in sync with the Podfile.lock. Run 'pod install' or update your CocoaPods installation.\" >&2\n    exit 1\nfi\n# This output is used by Xcode 'outputs' to avoid re-running this script phase.\necho \"SUCCESS\" > \"${SCRIPT_OUTPUT_FILE_0}\"\n";
			showEnvVarsInLog = 0;
		};
		F79010CCBB9940DE091EF4EF /* [CP] Embed Pods Frameworks */ = {
			isa = PBXShellScriptBuildPhase;
			buildActionMask = 2147483647;
			files = (
			);
			inputFileListPaths = (
			);
			inputPaths = (
				"${PODS_ROOT}/Target Support Files/Pods-HabitPanda/Pods-HabitPanda-frameworks.sh",
				"${BUILT_PRODUCTS_DIR}/DynamicBlurView/DynamicBlurView.framework",
				"${BUILT_PRODUCTS_DIR}/PopupDialog/PopupDialog.framework",
				"${BUILT_PRODUCTS_DIR}/SwipeCellKit/SwipeCellKit.framework",
				"${BUILT_PRODUCTS_DIR}/Toast-Swift/Toast_Swift.framework",
			);
			name = "[CP] Embed Pods Frameworks";
			outputFileListPaths = (
			);
			outputPaths = (
				"${TARGET_BUILD_DIR}/${FRAMEWORKS_FOLDER_PATH}/DynamicBlurView.framework",
				"${TARGET_BUILD_DIR}/${FRAMEWORKS_FOLDER_PATH}/PopupDialog.framework",
				"${TARGET_BUILD_DIR}/${FRAMEWORKS_FOLDER_PATH}/SwipeCellKit.framework",
				"${TARGET_BUILD_DIR}/${FRAMEWORKS_FOLDER_PATH}/Toast_Swift.framework",
			);
			runOnlyForDeploymentPostprocessing = 0;
			shellPath = /bin/sh;
			shellScript = "\"${PODS_ROOT}/Target Support Files/Pods-HabitPanda/Pods-HabitPanda-frameworks.sh\"\n";
			showEnvVarsInLog = 0;
		};
/* End PBXShellScriptBuildPhase section */

/* Begin PBXSourcesBuildPhase section */
		1C12734A22610DC80058D942 /* Sources */ = {
			isa = PBXSourcesBuildPhase;
			buildActionMask = 2147483647;
			files = (
				1C3BD572229B22E4004AAA2B /* HabitListViewModel.swift in Sources */,
				1C90EB94226A92A7007065D1 /* Reminder.swift in Sources */,
				1CB9F7A1226244C4005D1FFC /* DataModel.xcdatamodeld in Sources */,
				1CC5A3B4228B4CD400E5F6D8 /* DateDayPicker.swift in Sources */,
				1C12735422610DC80058D942 /* HabitListViewController.swift in Sources */,
				1C90EB90226A8CDF007065D1 /* EditableTimeCell.swift in Sources */,
				1C93DEB0228A14C500C65BEB /* CheckIn.swift in Sources */,
				1CBBABD6227A4F4400DB8F8E /* HabitAddEditViewController.swift in Sources */,
				1CBBABDA227A555300DB8F8E /* ReminderListViewModel.swift in Sources */,
				1C3BD564229B11B2004AAA2B /* CheckInGridCollectionViewLayout.swift in Sources */,
				1CAC6791226FD51400B41338 /* HabitDetailsViewModel.swift in Sources */,
				1CBBABCD227919C700DB8F8E /* HabitRemindersViewController.swift in Sources */,
				1C47C9F9227DEDF800985F1C /* DayOfWeek.swift in Sources */,
				1CBBABD1227921C400DB8F8E /* UISegmentedControl+Border.swift in Sources */,
				1CBBABDC227CAD0B00DB8F8E /* NotificationHelper.swift in Sources */,
				1CAC6795226FDEE500B41338 /* Box.swift in Sources */,
				1CBBABDE227CC7D200DB8F8E /* AdminViewController.swift in Sources */,
				1CF697BD229C784200766011 /* ToastHelper.swift in Sources */,
				1CDB388F22624BBE00C86277 /* Habit.swift in Sources */,
				1C12735222610DC80058D942 /* AppDelegate.swift in Sources */,
				1CBBEA08228F5F9E0053F534 /* CheckInListViewModel.swift in Sources */,
				1CF697BF229DC30800766011 /* DateHelper.swift in Sources */,
				1CAC679D22725D3600B41338 /* HabitDetailsViewController.swift in Sources */,
				1C3BD570229B1398004AAA2B /* CheckInGridRowTitleCell.swift in Sources */,
				1C47C9FD227F211700985F1C /* ReminderDetailsViewModel.swift in Sources */,
				1CAC6793226FDC7900B41338 /* Date+Rounding.swift in Sources */,
				1CAC67A42273869900B41338 /* UIView+Border.swift in Sources */,
				1CBBABD32279297500DB8F8E /* Constants.swift in Sources */,
				1C977B4E2295DECA006F3E6C /* RoutingService.swift in Sources */,
				1CA300A8228F500A00F5D08C /* HabitCheckInsViewController.swift in Sources */,
				1C3BD56F229B1398004AAA2B /* CheckInGridContentCell.swift in Sources */,
				1C0315C42285025A00B1E6F4 /* ReminderNotificationService.swift in Sources */,
				1C3BD56B229B1398004AAA2B /* CheckInGridHeaderCell.swift in Sources */,
				1C47C9FB227E4B8E00985F1C /* ReminderAddEditViewController.swift in Sources */,
				1CC5A3B2228B36D400E5F6D8 /* HabitAddCheckInViewController.swift in Sources */,
				1CAC67A02272694800B41338 /* TimeOfDay.swift in Sources */,
				1CBBABCB2279195D00DB8F8E /* HabitSummaryViewController.swift in Sources */,
				1C90EB9A226B87D8007065D1 /* UITextField+MaxLength.swift in Sources */,
				1C9FE64B2267C47F00354933 /* OptionSelectButton.swift in Sources */,
			);
			runOnlyForDeploymentPostprocessing = 0;
		};
/* End PBXSourcesBuildPhase section */

/* Begin XCBuildConfiguration section */
		1C12735E22610DCA0058D942 /* Debug */ = {
			isa = XCBuildConfiguration;
			buildSettings = {
				ALWAYS_SEARCH_USER_PATHS = NO;
				CLANG_ANALYZER_NONNULL = YES;
				CLANG_ANALYZER_NUMBER_OBJECT_CONVERSION = YES_AGGRESSIVE;
				CLANG_CXX_LANGUAGE_STANDARD = "gnu++14";
				CLANG_CXX_LIBRARY = "libc++";
				CLANG_ENABLE_MODULES = YES;
				CLANG_ENABLE_OBJC_ARC = YES;
				CLANG_ENABLE_OBJC_WEAK = YES;
				CLANG_WARN_BLOCK_CAPTURE_AUTORELEASING = YES;
				CLANG_WARN_BOOL_CONVERSION = YES;
				CLANG_WARN_COMMA = YES;
				CLANG_WARN_CONSTANT_CONVERSION = YES;
				CLANG_WARN_DEPRECATED_OBJC_IMPLEMENTATIONS = YES;
				CLANG_WARN_DIRECT_OBJC_ISA_USAGE = YES_ERROR;
				CLANG_WARN_DOCUMENTATION_COMMENTS = YES;
				CLANG_WARN_EMPTY_BODY = YES;
				CLANG_WARN_ENUM_CONVERSION = YES;
				CLANG_WARN_INFINITE_RECURSION = YES;
				CLANG_WARN_INT_CONVERSION = YES;
				CLANG_WARN_NON_LITERAL_NULL_CONVERSION = YES;
				CLANG_WARN_OBJC_IMPLICIT_RETAIN_SELF = YES;
				CLANG_WARN_OBJC_LITERAL_CONVERSION = YES;
				CLANG_WARN_OBJC_ROOT_CLASS = YES_ERROR;
				CLANG_WARN_RANGE_LOOP_ANALYSIS = YES;
				CLANG_WARN_STRICT_PROTOTYPES = YES;
				CLANG_WARN_SUSPICIOUS_MOVE = YES;
				CLANG_WARN_UNGUARDED_AVAILABILITY = YES_AGGRESSIVE;
				CLANG_WARN_UNREACHABLE_CODE = YES;
				CLANG_WARN__DUPLICATE_METHOD_MATCH = YES;
				CODE_SIGN_IDENTITY = "iPhone Developer";
				COPY_PHASE_STRIP = NO;
				DEBUG_INFORMATION_FORMAT = dwarf;
				ENABLE_STRICT_OBJC_MSGSEND = YES;
				ENABLE_TESTABILITY = YES;
				GCC_C_LANGUAGE_STANDARD = gnu11;
				GCC_DYNAMIC_NO_PIC = NO;
				GCC_NO_COMMON_BLOCKS = YES;
				GCC_OPTIMIZATION_LEVEL = 0;
				GCC_PREPROCESSOR_DEFINITIONS = (
					"DEBUG=1",
					"$(inherited)",
				);
				GCC_WARN_64_TO_32_BIT_CONVERSION = YES;
				GCC_WARN_ABOUT_RETURN_TYPE = YES_ERROR;
				GCC_WARN_UNDECLARED_SELECTOR = YES;
				GCC_WARN_UNINITIALIZED_AUTOS = YES_AGGRESSIVE;
				GCC_WARN_UNUSED_FUNCTION = YES;
				GCC_WARN_UNUSED_VARIABLE = YES;
				IPHONEOS_DEPLOYMENT_TARGET = 12.2;
				MTL_ENABLE_DEBUG_INFO = INCLUDE_SOURCE;
				MTL_FAST_MATH = YES;
				ONLY_ACTIVE_ARCH = YES;
				SDKROOT = iphoneos;
				SWIFT_ACTIVE_COMPILATION_CONDITIONS = DEBUG;
				SWIFT_OPTIMIZATION_LEVEL = "-Onone";
			};
			name = Debug;
		};
		1C12735F22610DCA0058D942 /* Release */ = {
			isa = XCBuildConfiguration;
			buildSettings = {
				ALWAYS_SEARCH_USER_PATHS = NO;
				CLANG_ANALYZER_NONNULL = YES;
				CLANG_ANALYZER_NUMBER_OBJECT_CONVERSION = YES_AGGRESSIVE;
				CLANG_CXX_LANGUAGE_STANDARD = "gnu++14";
				CLANG_CXX_LIBRARY = "libc++";
				CLANG_ENABLE_MODULES = YES;
				CLANG_ENABLE_OBJC_ARC = YES;
				CLANG_ENABLE_OBJC_WEAK = YES;
				CLANG_WARN_BLOCK_CAPTURE_AUTORELEASING = YES;
				CLANG_WARN_BOOL_CONVERSION = YES;
				CLANG_WARN_COMMA = YES;
				CLANG_WARN_CONSTANT_CONVERSION = YES;
				CLANG_WARN_DEPRECATED_OBJC_IMPLEMENTATIONS = YES;
				CLANG_WARN_DIRECT_OBJC_ISA_USAGE = YES_ERROR;
				CLANG_WARN_DOCUMENTATION_COMMENTS = YES;
				CLANG_WARN_EMPTY_BODY = YES;
				CLANG_WARN_ENUM_CONVERSION = YES;
				CLANG_WARN_INFINITE_RECURSION = YES;
				CLANG_WARN_INT_CONVERSION = YES;
				CLANG_WARN_NON_LITERAL_NULL_CONVERSION = YES;
				CLANG_WARN_OBJC_IMPLICIT_RETAIN_SELF = YES;
				CLANG_WARN_OBJC_LITERAL_CONVERSION = YES;
				CLANG_WARN_OBJC_ROOT_CLASS = YES_ERROR;
				CLANG_WARN_RANGE_LOOP_ANALYSIS = YES;
				CLANG_WARN_STRICT_PROTOTYPES = YES;
				CLANG_WARN_SUSPICIOUS_MOVE = YES;
				CLANG_WARN_UNGUARDED_AVAILABILITY = YES_AGGRESSIVE;
				CLANG_WARN_UNREACHABLE_CODE = YES;
				CLANG_WARN__DUPLICATE_METHOD_MATCH = YES;
				CODE_SIGN_IDENTITY = "iPhone Developer";
				COPY_PHASE_STRIP = NO;
				DEBUG_INFORMATION_FORMAT = "dwarf-with-dsym";
				ENABLE_NS_ASSERTIONS = NO;
				ENABLE_STRICT_OBJC_MSGSEND = YES;
				GCC_C_LANGUAGE_STANDARD = gnu11;
				GCC_NO_COMMON_BLOCKS = YES;
				GCC_WARN_64_TO_32_BIT_CONVERSION = YES;
				GCC_WARN_ABOUT_RETURN_TYPE = YES_ERROR;
				GCC_WARN_UNDECLARED_SELECTOR = YES;
				GCC_WARN_UNINITIALIZED_AUTOS = YES_AGGRESSIVE;
				GCC_WARN_UNUSED_FUNCTION = YES;
				GCC_WARN_UNUSED_VARIABLE = YES;
				IPHONEOS_DEPLOYMENT_TARGET = 12.2;
				MTL_ENABLE_DEBUG_INFO = NO;
				MTL_FAST_MATH = YES;
				SDKROOT = iphoneos;
				SWIFT_COMPILATION_MODE = wholemodule;
				SWIFT_OPTIMIZATION_LEVEL = "-O";
				VALIDATE_PRODUCT = YES;
			};
			name = Release;
		};
		1C12736122610DCA0058D942 /* Debug */ = {
			isa = XCBuildConfiguration;
			baseConfigurationReference = 3CCD34975B17DB9A0E5FD317 /* Pods-HabitPanda.debug.xcconfig */;
			buildSettings = {
				ASSETCATALOG_COMPILER_APPICON_NAME = AppIcon;
				CODE_SIGN_STYLE = Automatic;
				DEVELOPMENT_TEAM = 4B74LG3RTF;
				INFOPLIST_FILE = HabitPanda/Info.plist;
				LD_RUNPATH_SEARCH_PATHS = (
					"$(inherited)",
					"@executable_path/Frameworks",
				);
				PRODUCT_BUNDLE_IDENTIFIER = nyc.tmn.HabitPanda;
				PRODUCT_NAME = "$(TARGET_NAME)";
				SWIFT_VERSION = 5.0;
				TARGETED_DEVICE_FAMILY = "1,2";
			};
			name = Debug;
		};
		1C12736222610DCA0058D942 /* Release */ = {
			isa = XCBuildConfiguration;
			baseConfigurationReference = C24FC85B23A11D916B95A4B6 /* Pods-HabitPanda.release.xcconfig */;
			buildSettings = {
				ASSETCATALOG_COMPILER_APPICON_NAME = AppIcon;
				CODE_SIGN_STYLE = Automatic;
				DEVELOPMENT_TEAM = 4B74LG3RTF;
				INFOPLIST_FILE = HabitPanda/Info.plist;
				LD_RUNPATH_SEARCH_PATHS = (
					"$(inherited)",
					"@executable_path/Frameworks",
				);
				PRODUCT_BUNDLE_IDENTIFIER = nyc.tmn.HabitPanda;
				PRODUCT_NAME = "$(TARGET_NAME)";
				SWIFT_VERSION = 5.0;
				TARGETED_DEVICE_FAMILY = "1,2";
			};
			name = Release;
		};
/* End XCBuildConfiguration section */

/* Begin XCConfigurationList section */
		1C12734922610DC80058D942 /* Build configuration list for PBXProject "HabitPanda" */ = {
			isa = XCConfigurationList;
			buildConfigurations = (
				1C12735E22610DCA0058D942 /* Debug */,
				1C12735F22610DCA0058D942 /* Release */,
			);
			defaultConfigurationIsVisible = 0;
			defaultConfigurationName = Release;
		};
		1C12736022610DCA0058D942 /* Build configuration list for PBXNativeTarget "HabitPanda" */ = {
			isa = XCConfigurationList;
			buildConfigurations = (
				1C12736122610DCA0058D942 /* Debug */,
				1C12736222610DCA0058D942 /* Release */,
			);
			defaultConfigurationIsVisible = 0;
			defaultConfigurationName = Release;
		};
/* End XCConfigurationList section */

/* Begin XCVersionGroup section */
		1CB9F79F226244C4005D1FFC /* DataModel.xcdatamodeld */ = {
			isa = XCVersionGroup;
			children = (
				1CB9F7A0226244C4005D1FFC /* DataModel.xcdatamodel */,
			);
			currentVersion = 1CB9F7A0226244C4005D1FFC /* DataModel.xcdatamodel */;
			path = DataModel.xcdatamodeld;
			sourceTree = "<group>";
			versionGroupType = wrapper.xcdatamodel;
		};
/* End XCVersionGroup section */
	};
	rootObject = 1C12734622610DC80058D942 /* Project object */;
}
